
Microsoft Visual Studio Solution File, Format Version 12.00
# Visual Studio Version 17
VisualStudioVersion = 17.14.36221.1 d17.14
MinimumVisualStudioVersion = 10.0.40219.1
Project("{FAE04EC0-301F-11D3-BF4B-00C04F79EFBC}") = "BTC-TRON-ETH-BNB-SOL-WalletAPI", "BTC-TRON-ETH-BNB-SOL-WalletAPI\BTC-TRON-ETH-BNB-SOL-WalletAPI.csproj", "{7427CD8C-F76D-4F18-A272-DC16BCD309D7}"
EndProject
Global
	GlobalSection(SolutionConfigurationPlatforms) = preSolution
		Debug|Any CPU = Debug|Any CPU
		Release|Any CPU = Release|Any CPU
	EndGlobalSection
	GlobalSection(ProjectConfigurationPlatforms) = postSolution
		{7427CD8C-F76D-4F18-A272-DC16BCD309D7}.Debug|Any CPU.ActiveCfg = Debug|Any CPU
		{7427CD8C-F76D-4F18-A272-DC16BCD309D7}.Debug|Any CPU.Build.0 = Debug|Any CPU
		{7427CD8C-F76D-4F18-A272-DC16BCD309D7}.Release|Any CPU.ActiveCfg = Release|Any CPU
		{7427CD8C-F76D-4F18-A272-DC16BCD309D7}.Release|Any CPU.Build.0 = Release|Any CPU
	EndGlobalSection
	GlobalSection(SolutionProperties) = preSolution
		HideSolutionNode = FALSE
	EndGlobalSection
	GlobalSection(ExtensibilityGlobals) = postSolution
		SolutionGuid = {0AEBEA30-6514-4F8C-88F5-FC2169C37432}
	EndGlobalSection
EndGlobal
